{
  "name": "desktop-hotkeys-sample",
  "version": "1.0.0",
  "lockfileVersion": 1,
  "requires": true,
  "dependencies": {
    "@zelloptt/desktop-hotkeys": {
      "version": "1.0.0",
      "resolved": "https://registry.npmjs.org/@zelloptt/desktop-hotkeys/-/desktop-hotkeys-1.0.0.tgz",
      "integrity": "sha512-H+rhlAsdUfrtK3E/xE7XI4wefWwGhvnZnk6uJJfVM9gUkM43LxscCgoWPjbDq9qDZrakwxWSWoO+2S46FflcGw==",
      "requires": {
        "node-addon-api": "^2.0.0",
        "node-gyp-build": "^4.2.1"
      }
    },
    "node-addon-api": {
      "version": "2.0.1",
      "resolved": "https://registry.npmjs.org/node-addon-api/-/node-addon-api-2.0.1.tgz",
      "integrity": "sha512-2WVfwRfIr1AVn3dRq4yRc2Hn35ND+mPJH6inC6bjpYCZVrpXPB4j3T6i//OGVfqVsR1t/X/axRulDsheq4F0LQ=="
    },
    "node-gyp-build": {
      "version": "4.2.2",
      "resolved": "https://registry.npmjs.org/node-gyp-build/-/node-gyp-build-4.2.2.tgz",
      "integrity": "sha512-Lqh7mrByWCM8Cf9UPqpeoVBBo5Ugx+RKu885GAzmLBVYjeywScxHXPGLa4JfYNZmcNGwzR0Glu5/9GaQZMFqyA=="
    }
  }
}
